// !$*UTF8*$!
{
	archiveVersion = 1;
	classes = {
	};
	objectVersion = 50;
	objects = {

/* Begin PBXBuildFile section */
		2CBEBE0322BFB70000C2B3B7 /* AppDelegate.swift in Sources */ = {isa = PBXBuildFile; fileRef = 2CBEBE0222BFB70000C2B3B7 /* AppDelegate.swift */; };
		2CBEBE0522BFB70000C2B3B7 /* SceneDelegate.swift in Sources */ = {isa = PBXBuildFile; fileRef = 2CBEBE0422BFB70000C2B3B7 /* SceneDelegate.swift */; };
		2CBEBE0922BFB70200C2B3B7 /* Assets.xcassets in Resources */ = {isa = PBXBuildFile; fileRef = 2CBEBE0822BFB70200C2B3B7 /* Assets.xcassets */; };
		2CBEBE0C22BFB70200C2B3B7 /* Preview Assets.xcassets in Resources */ = {isa = PBXBuildFile; fileRef = 2CBEBE0B22BFB70200C2B3B7 /* Preview Assets.xcassets */; };
		2CBEBE0F22BFB70200C2B3B7 /* LaunchScreen.storyboard in Resources */ = {isa = PBXBuildFile; fileRef = 2CBEBE0D22BFB70200C2B3B7 /* LaunchScreen.storyboard */; };
		2CBEBE1A22BFB70200C2B3B7 /* PrimitivesTests.swift in Sources */ = {isa = PBXBuildFile; fileRef = 2CBEBE1922BFB70200C2B3B7 /* PrimitivesTests.swift */; };
		2CBEBE2522BFB70200C2B3B7 /* PrimitivesUITests.swift in Sources */ = {isa = PBXBuildFile; fileRef = 2CBEBE2422BFB70200C2B3B7 /* PrimitivesUITests.swift */; };
		2CBEBE3322BFB7F700C2B3B7 /* PrimitiveList.swift in Sources */ = {isa = PBXBuildFile; fileRef = 2CBEBE3222BFB7F700C2B3B7 /* PrimitiveList.swift */; };
		2CBEBE3522BFB7FF00C2B3B7 /* PrimitiveView.swift in Sources */ = {isa = PBXBuildFile; fileRef = 2CBEBE3422BFB7FF00C2B3B7 /* PrimitiveView.swift */; };
		2CBEBE3722BFB82A00C2B3B7 /* MainView.swift in Sources */ = {isa = PBXBuildFile; fileRef = 2CBEBE3622BFB82A00C2B3B7 /* MainView.swift */; };
		2CBEBE3B22BFB85A00C2B3B7 /* PrimitiveCell.swift in Sources */ = {isa = PBXBuildFile; fileRef = 2CBEBE3A22BFB85A00C2B3B7 /* PrimitiveCell.swift */; };
		2CBEBE4022BFBE5500C2B3B7 /* Primitive.swift in Sources */ = {isa = PBXBuildFile; fileRef = 2CBEBE3F22BFBE5500C2B3B7 /* Primitive.swift */; };
		2CBEBE4222BFBE9000C2B3B7 /* Catalog.swift in Sources */ = {isa = PBXBuildFile; fileRef = 2CBEBE4122BFBE9000C2B3B7 /* Catalog.swift */; };
		2CBEBE4422BFBF2900C2B3B7 /* PreviewModels.swift in Sources */ = {isa = PBXBuildFile; fileRef = 2CBEBE4322BFBF2900C2B3B7 /* PreviewModels.swift */; };
		2CC0218E22BFC23B00A10A98 /* GeometryType.swift in Sources */ = {isa = PBXBuildFile; fileRef = 2CC0218D22BFC23B00A10A98 /* GeometryType.swift */; };
		2CC0219422BFC72400A10A98 /* PrimitiveSceneView.swift in Sources */ = {isa = PBXBuildFile; fileRef = 2CC0219322BFC72400A10A98 /* PrimitiveSceneView.swift */; };
		2CC0219622BFCAF400A10A98 /* primitive.scn in Resources */ = {isa = PBXBuildFile; fileRef = 2CC0219522BFCAF400A10A98 /* primitive.scn */; };
/* End PBXBuildFile section */

/* Begin PBXContainerItemProxy section */
		2CBEBE1622BFB70200C2B3B7 /* PBXContainerItemProxy */ = {
			isa = PBXContainerItemProxy;
			containerPortal = 2CBEBDF722BFB70000C2B3B7 /* Project object */;
			proxyType = 1;
			remoteGlobalIDString = 2CBEBDFE22BFB70000C2B3B7;
			remoteInfo = Primitives;
		};
		2CBEBE2122BFB70200C2B3B7 /* PBXContainerItemProxy */ = {
			isa = PBXContainerItemProxy;
			containerPortal = 2CBEBDF722BFB70000C2B3B7 /* Project object */;
			proxyType = 1;
			remoteGlobalIDString = 2CBEBDFE22BFB70000C2B3B7;
			remoteInfo = Primitives;
		};
/* End PBXContainerItemProxy section */

/* Begin PBXFileReference section */
		2CBEBDFF22BFB70000C2B3B7 /* Primitives.app */ = {isa = PBXFileReference; explicitFileType = wrapper.application; includeInIndex = 0; path = Primitives.app; sourceTree = BUILT_PRODUCTS_DIR; };
		2CBEBE0222BFB70000C2B3B7 /* AppDelegate.swift */ = {isa = PBXFileReference; lastKnownFileType = sourcecode.swift; path = AppDelegate.swift; sourceTree = "<group>"; };
		2CBEBE0422BFB70000C2B3B7 /* SceneDelegate.swift */ = {isa = PBXFileReference; lastKnownFileType = sourcecode.swift; path = SceneDelegate.swift; sourceTree = "<group>"; };
		2CBEBE0822BFB70200C2B3B7 /* Assets.xcassets */ = {isa = PBXFileReference; lastKnownFileType = folder.assetcatalog; path = Assets.xcassets; sourceTree = "<group>"; };
		2CBEBE0B22BFB70200C2B3B7 /* Preview Assets.xcassets */ = {isa = PBXFileReference; lastKnownFileType = folder.assetcatalog; path = "Preview Assets.xcassets"; sourceTree = "<group>"; };
		2CBEBE0E22BFB70200C2B3B7 /* Base */ = {isa = PBXFileReference; lastKnownFileType = file.storyboard; name = Base; path = Base.lproj/LaunchScreen.storyboard; sourceTree = "<group>"; };
		2CBEBE1022BFB70200C2B3B7 /* Info.plist */ = {isa = PBXFileReference; lastKnownFileType = text.plist.xml; path = Info.plist; sourceTree = "<group>"; };
		2CBEBE1522BFB70200C2B3B7 /* PrimitivesTests.xctest */ = {isa = PBXFileReference; explicitFileType = wrapper.cfbundle; includeInIndex = 0; path = PrimitivesTests.xctest; sourceTree = BUILT_PRODUCTS_DIR; };
		2CBEBE1922BFB70200C2B3B7 /* PrimitivesTests.swift */ = {isa = PBXFileReference; lastKnownFileType = sourcecode.swift; path = PrimitivesTests.swift; sourceTree = "<group>"; };
		2CBEBE1B22BFB70200C2B3B7 /* Info.plist */ = {isa = PBXFileReference; lastKnownFileType = text.plist.xml; path = Info.plist; sourceTree = "<group>"; };
		2CBEBE2022BFB70200C2B3B7 /* PrimitivesUITests.xctest */ = {isa = PBXFileReference; explicitFileType = wrapper.cfbundle; includeInIndex = 0; path = PrimitivesUITests.xctest; sourceTree = BUILT_PRODUCTS_DIR; };
		2CBEBE2422BFB70200C2B3B7 /* PrimitivesUITests.swift */ = {isa = PBXFileReference; lastKnownFileType = sourcecode.swift; path = PrimitivesUITests.swift; sourceTree = "<group>"; };
		2CBEBE2622BFB70200C2B3B7 /* Info.plist */ = {isa = PBXFileReference; lastKnownFileType = text.plist.xml; path = Info.plist; sourceTree = "<group>"; };
		2CBEBE3222BFB7F700C2B3B7 /* PrimitiveList.swift */ = {isa = PBXFileReference; lastKnownFileType = sourcecode.swift; path = PrimitiveList.swift; sourceTree = "<group>"; };
		2CBEBE3422BFB7FF00C2B3B7 /* PrimitiveView.swift */ = {isa = PBXFileReference; lastKnownFileType = sourcecode.swift; path = PrimitiveView.swift; sourceTree = "<group>"; };
		2CBEBE3622BFB82A00C2B3B7 /* MainView.swift */ = {isa = PBXFileReference; lastKnownFileType = sourcecode.swift; path = MainView.swift; sourceTree = "<group>"; };
		2CBEBE3A22BFB85A00C2B3B7 /* PrimitiveCell.swift */ = {isa = PBXFileReference; lastKnownFileType = sourcecode.swift; path = PrimitiveCell.swift; sourceTree = "<group>"; };
		2CBEBE3F22BFBE5500C2B3B7 /* Primitive.swift */ = {isa = PBXFileReference; lastKnownFileType = sourcecode.swift; path = Primitive.swift; sourceTree = "<group>"; };
		2CBEBE4122BFBE9000C2B3B7 /* Catalog.swift */ = {isa = PBXFileReference; lastKnownFileType = sourcecode.swift; path = Catalog.swift; sourceTree = "<group>"; };
		2CBEBE4322BFBF2900C2B3B7 /* PreviewModels.swift */ = {isa = PBXFileReference; lastKnownFileType = sourcecode.swift; path = PreviewModels.swift; sourceTree = "<group>"; };
		2CC0218D22BFC23B00A10A98 /* GeometryType.swift */ = {isa = PBXFileReference; lastKnownFileType = sourcecode.swift; path = GeometryType.swift; sourceTree = "<group>"; };
		2CC0219322BFC72400A10A98 /* PrimitiveSceneView.swift */ = {isa = PBXFileReference; lastKnownFileType = sourcecode.swift; path = PrimitiveSceneView.swift; sourceTree = "<group>"; };
		2CC0219522BFCAF400A10A98 /* primitive.scn */ = {isa = PBXFileReference; lastKnownFileType = file.bplist; path = primitive.scn; sourceTree = "<group>"; };
/* End PBXFileReference section */

/* Begin PBXFrameworksBuildPhase section */
		2CBEBDFC22BFB70000C2B3B7 /* Frameworks */ = {
			isa = PBXFrameworksBuildPhase;
			buildActionMask = 2147483647;
			files = (
			);
			runOnlyForDeploymentPostprocessing = 0;
		};
		2CBEBE1222BFB70200C2B3B7 /* Frameworks */ = {
			isa = PBXFrameworksBuildPhase;
			buildActionMask = 2147483647;
			files = (
			);
			runOnlyForDeploymentPostprocessing = 0;
		};
		2CBEBE1D22BFB70200C2B3B7 /* Frameworks */ = {
			isa = PBXFrameworksBuildPhase;
			buildActionMask = 2147483647;
			files = (
			);
			runOnlyForDeploymentPostprocessing = 0;
		};
/* End PBXFrameworksBuildPhase section */

/* Begin PBXGroup section */
		2CBEBDF622BFB70000C2B3B7 = {
			isa = PBXGroup;
			children = (
				2CBEBE0122BFB70000C2B3B7 /* Primitives */,
				2CBEBE1822BFB70200C2B3B7 /* PrimitivesTests */,
				2CBEBE2322BFB70200C2B3B7 /* PrimitivesUITests */,
				2CBEBE0022BFB70000C2B3B7 /* Products */,
			);
			sourceTree = "<group>";
		};
		2CBEBE0022BFB70000C2B3B7 /* Products */ = {
			isa = PBXGroup;
			children = (
				2CBEBDFF22BFB70000C2B3B7 /* Primitives.app */,
				2CBEBE1522BFB70200C2B3B7 /* PrimitivesTests.xctest */,
				2CBEBE2022BFB70200C2B3B7 /* PrimitivesUITests.xctest */,
			);
			name = Products;
			sourceTree = "<group>";
		};
		2CBEBE0122BFB70000C2B3B7 /* Primitives */ = {
			isa = PBXGroup;
			children = (
				2CBEBE3C22BFB8BC00C2B3B7 /* App */,
				2CBEBE3E22BFBE4500C2B3B7 /* Models */,
				2CBEBE3D22BFB8D700C2B3B7 /* Views */,
				2CBEBE0A22BFB70200C2B3B7 /* Preview Content */,
			);
			path = Primitives;
			sourceTree = "<group>";
		};
		2CBEBE0A22BFB70200C2B3B7 /* Preview Content */ = {
			isa = PBXGroup;
			children = (
				2CBEBE0B22BFB70200C2B3B7 /* Preview Assets.xcassets */,
				2CBEBE4322BFBF2900C2B3B7 /* PreviewModels.swift */,
			);
			path = "Preview Content";
			sourceTree = "<group>";
		};
		2CBEBE1822BFB70200C2B3B7 /* PrimitivesTests */ = {
			isa = PBXGroup;
			children = (
				2CBEBE1922BFB70200C2B3B7 /* PrimitivesTests.swift */,
				2CBEBE1B22BFB70200C2B3B7 /* Info.plist */,
			);
			path = PrimitivesTests;
			sourceTree = "<group>";
		};
		2CBEBE2322BFB70200C2B3B7 /* PrimitivesUITests */ = {
			isa = PBXGroup;
			children = (
				2CBEBE2422BFB70200C2B3B7 /* PrimitivesUITests.swift */,
				2CBEBE2622BFB70200C2B3B7 /* Info.plist */,
			);
			path = PrimitivesUITests;
			sourceTree = "<group>";
		};
		2CBEBE3C22BFB8BC00C2B3B7 /* App */ = {
			isa = PBXGroup;
			children = (
				2CBEBE0222BFB70000C2B3B7 /* AppDelegate.swift */,
				2CBEBE0422BFB70000C2B3B7 /* SceneDelegate.swift */,
				2CBEBE1022BFB70200C2B3B7 /* Info.plist */,
				2CBEBE0D22BFB70200C2B3B7 /* LaunchScreen.storyboard */,
				2CBEBE0822BFB70200C2B3B7 /* Assets.xcassets */,
				2CC0219522BFCAF400A10A98 /* primitive.scn */,
			);
			path = App;
			sourceTree = "<group>";
		};
		2CBEBE3D22BFB8D700C2B3B7 /* Views */ = {
			isa = PBXGroup;
			children = (
				2CBEBE3622BFB82A00C2B3B7 /* MainView.swift */,
				2CBEBE3222BFB7F700C2B3B7 /* PrimitiveList.swift */,
				2CBEBE3A22BFB85A00C2B3B7 /* PrimitiveCell.swift */,
				2CBEBE3422BFB7FF00C2B3B7 /* PrimitiveView.swift */,
				2CC0219322BFC72400A10A98 /* PrimitiveSceneView.swift */,
			);
			path = Views;
			sourceTree = "<group>";
		};
		2CBEBE3E22BFBE4500C2B3B7 /* Models */ = {
			isa = PBXGroup;
			children = (
				2CBEBE4122BFBE9000C2B3B7 /* Catalog.swift */,
				2CBEBE3F22BFBE5500C2B3B7 /* Primitive.swift */,
				2CC0218D22BFC23B00A10A98 /* GeometryType.swift */,
			);
			path = Models;
			sourceTree = "<group>";
		};
/* End PBXGroup section */

/* Begin PBXNativeTarget section */
		2CBEBDFE22BFB70000C2B3B7 /* Primitives */ = {
			isa = PBXNativeTarget;
			buildConfigurationList = 2CBEBE2922BFB70200C2B3B7 /* Build configuration list for PBXNativeTarget "Primitives" */;
			buildPhases = (
				2CBEBDFB22BFB70000C2B3B7 /* Sources */,
				2CBEBDFC22BFB70000C2B3B7 /* Frameworks */,
				2CBEBDFD22BFB70000C2B3B7 /* Resources */,
			);
			buildRules = (
			);
			dependencies = (
			);
			name = Primitives;
			productName = Primitives;
			productReference = 2CBEBDFF22BFB70000C2B3B7 /* Primitives.app */;
			productType = "com.apple.product-type.application";
		};
		2CBEBE1422BFB70200C2B3B7 /* PrimitivesTests */ = {
			isa = PBXNativeTarget;
			buildConfigurationList = 2CBEBE2C22BFB70200C2B3B7 /* Build configuration list for PBXNativeTarget "PrimitivesTests" */;
			buildPhases = (
				2CBEBE1122BFB70200C2B3B7 /* Sources */,
				2CBEBE1222BFB70200C2B3B7 /* Frameworks */,
				2CBEBE1322BFB70200C2B3B7 /* Resources */,
			);
			buildRules = (
			);
			dependencies = (
				2CBEBE1722BFB70200C2B3B7 /* PBXTargetDependency */,
			);
			name = PrimitivesTests;
			productName = PrimitivesTests;
			productReference = 2CBEBE1522BFB70200C2B3B7 /* PrimitivesTests.xctest */;
			productType = "com.apple.product-type.bundle.unit-test";
		};
		2CBEBE1F22BFB70200C2B3B7 /* PrimitivesUITests */ = {
			isa = PBXNativeTarget;
			buildConfigurationList = 2CBEBE2F22BFB70200C2B3B7 /* Build configuration list for PBXNativeTarget "PrimitivesUITests" */;
			buildPhases = (
				2CBEBE1C22BFB70200C2B3B7 /* Sources */,
				2CBEBE1D22BFB70200C2B3B7 /* Frameworks */,
				2CBEBE1E22BFB70200C2B3B7 /* Resources */,
			);
			buildRules = (
			);
			dependencies = (
				2CBEBE2222BFB70200C2B3B7 /* PBXTargetDependency */,
			);
			name = PrimitivesUITests;
			productName = PrimitivesUITests;
			productReference = 2CBEBE2022BFB70200C2B3B7 /* PrimitivesUITests.xctest */;
			productType = "com.apple.product-type.bundle.ui-testing";
		};
/* End PBXNativeTarget section */

/* Begin PBXProject section */
		2CBEBDF722BFB70000C2B3B7 /* Project object */ = {
			isa = PBXProject;
			attributes = {
				LastSwiftUpdateCheck = 1100;
				LastUpgradeCheck = 1100;
				ORGANIZATIONNAME = "Kevin Conner";
				TargetAttributes = {
					2CBEBDFE22BFB70000C2B3B7 = {
						CreatedOnToolsVersion = 11.0;
					};
					2CBEBE1422BFB70200C2B3B7 = {
						CreatedOnToolsVersion = 11.0;
						TestTargetID = 2CBEBDFE22BFB70000C2B3B7;
					};
					2CBEBE1F22BFB70200C2B3B7 = {
						CreatedOnToolsVersion = 11.0;
						TestTargetID = 2CBEBDFE22BFB70000C2B3B7;
					};
				};
			};
			buildConfigurationList = 2CBEBDFA22BFB70000C2B3B7 /* Build configuration list for PBXProject "Primitives" */;
			compatibilityVersion = "Xcode 9.3";
			developmentRegion = en;
			hasScannedForEncodings = 0;
			knownRegions = (
				en,
				Base,
			);
			mainGroup = 2CBEBDF622BFB70000C2B3B7;
			productRefGroup = 2CBEBE0022BFB70000C2B3B7 /* Products */;
			projectDirPath = "";
			projectRoot = "";
			targets = (
				2CBEBDFE22BFB70000C2B3B7 /* Primitives */,
				2CBEBE1422BFB70200C2B3B7 /* PrimitivesTests */,
				2CBEBE1F22BFB70200C2B3B7 /* PrimitivesUITests */,
			);
		};
/* End PBXProject section */

/* Begin PBXResourcesBuildPhase section */
		2CBEBDFD22BFB70000C2B3B7 /* Resources */ = {
			isa = PBXResourcesBuildPhase;
			buildActionMask = 2147483647;
			files = (
				2CC0219622BFCAF400A10A98 /* primitive.scn in Resources */,
				2CBEBE0F22BFB70200C2B3B7 /* LaunchScreen.storyboard in Resources */,
				2CBEBE0C22BFB70200C2B3B7 /* Preview Assets.xcassets in Resources */,
				2CBEBE0922BFB70200C2B3B7 /* Assets.xcassets in Resources */,
			);
			runOnlyForDeploymentPostprocessing = 0;
		};
		2CBEBE1322BFB70200C2B3B7 /* Resources */ = {
			isa = PBXResourcesBuildPhase;
			buildActionMask = 2147483647;
			files = (
			);
			runOnlyForDeploymentPostprocessing = 0;
		};
		2CBEBE1E22BFB70200C2B3B7 /* Resources */ = {
			isa = PBXResourcesBuildPhase;
			buildActionMask = 2147483647;
			files = (
			);
			runOnlyForDeploymentPostprocessing = 0;
		};
/* End PBXResourcesBuildPhase section */

/* Begin PBXSourcesBuildPhase section */
		2CBEBDFB22BFB70000C2B3B7 /* Sources */ = {
			isa = PBXSourcesBuildPhase;
			buildActionMask = 2147483647;
			files = (
				2CBEBE3322BFB7F700C2B3B7 /* PrimitiveList.swift in Sources */,
				2CBEBE0322BFB70000C2B3B7 /* AppDelegate.swift in Sources */,
				2CBEBE0522BFB70000C2B3B7 /* SceneDelegate.swift in Sources */,
				2CBEBE4222BFBE9000C2B3B7 /* Catalog.swift in Sources */,
				2CC0219422BFC72400A10A98 /* PrimitiveSceneView.swift in Sources */,
				2CBEBE4022BFBE5500C2B3B7 /* Primitive.swift in Sources */,
				2CBEBE3B22BFB85A00C2B3B7 /* PrimitiveCell.swift in Sources */,
				2CBEBE4422BFBF2900C2B3B7 /* PreviewModels.swift in Sources */,
				2CBEBE3722BFB82A00C2B3B7 /* MainView.swift in Sources */,
				2CBEBE3522BFB7FF00C2B3B7 /* PrimitiveView.swift in Sources */,
				2CC0218E22BFC23B00A10A98 /* GeometryType.swift in Sources */,
			);
			runOnlyForDeploymentPostprocessing = 0;
		};
		2CBEBE1122BFB70200C2B3B7 /* Sources */ = {
			isa = PBXSourcesBuildPhase;
			buildActionMask = 2147483647;
			files = (
				2CBEBE1A22BFB70200C2B3B7 /* PrimitivesTests.swift in Sources */,
			);
			runOnlyForDeploymentPostprocessing = 0;
		};
		2CBEBE1C22BFB70200C2B3B7 /* Sources */ = {
			isa = PBXSourcesBuildPhase;
			buildActionMask = 2147483647;
			files = (
				2CBEBE2522BFB70200C2B3B7 /* PrimitivesUITests.swift in Sources */,
			);
			runOnlyForDeploymentPostprocessing = 0;
		};
/* End PBXSourcesBuildPhase section */

/* Begin PBXTargetDependency section */
		2CBEBE1722BFB70200C2B3B7 /* PBXTargetDependency */ = {
			isa = PBXTargetDependency;
			target = 2CBEBDFE22BFB70000C2B3B7 /* Primitives */;
			targetProxy = 2CBEBE1622BFB70200C2B3B7 /* PBXContainerItemProxy */;
		};
		2CBEBE2222BFB70200C2B3B7 /* PBXTargetDependency */ = {
			isa = PBXTargetDependency;
			target = 2CBEBDFE22BFB70000C2B3B7 /* Primitives */;
			targetProxy = 2CBEBE2122BFB70200C2B3B7 /* PBXContainerItemProxy */;
		};
/* End PBXTargetDependency section */

/* Begin PBXVariantGroup section */
		2CBEBE0D22BFB70200C2B3B7 /* LaunchScreen.storyboard */ = {
			isa = PBXVariantGroup;
			children = (
				2CBEBE0E22BFB70200C2B3B7 /* Base */,
			);
			name = LaunchScreen.storyboard;
			sourceTree = "<group>";
		};
/* End PBXVariantGroup section */

/* Begin XCBuildConfiguration section */
		2CBEBE2722BFB70200C2B3B7 /* Debug */ = {
			isa = XCBuildConfiguration;
			buildSettings = {
				ALWAYS_SEARCH_USER_PATHS = NO;
				CLANG_ANALYZER_NONNULL = YES;
				CLANG_ANALYZER_NUMBER_OBJECT_CONVERSION = YES_AGGRESSIVE;
				CLANG_CXX_LANGUAGE_STANDARD = "gnu++14";
				CLANG_CXX_LIBRARY = "libc++";
				CLANG_ENABLE_MODULES = YES;
				CLANG_ENABLE_OBJC_ARC = YES;
				CLANG_ENABLE_OBJC_WEAK = YES;
				CLANG_WARN_BLOCK_CAPTURE_AUTORELEASING = YES;
				CLANG_WARN_BOOL_CONVERSION = YES;
				CLANG_WARN_COMMA = YES;
				CLANG_WARN_CONSTANT_CONVERSION = YES;
				CLANG_WARN_DEPRECATED_OBJC_IMPLEMENTATIONS = YES;
				CLANG_WARN_DIRECT_OBJC_ISA_USAGE = YES_ERROR;
				CLANG_WARN_DOCUMENTATION_COMMENTS = YES;
				CLANG_WARN_EMPTY_BODY = YES;
				CLANG_WARN_ENUM_CONVERSION = YES;
				CLANG_WARN_INFINITE_RECURSION = YES;
				CLANG_WARN_INT_CONVERSION = YES;
				CLANG_WARN_NON_LITERAL_NULL_CONVERSION = YES;
				CLANG_WARN_OBJC_IMPLICIT_RETAIN_SELF = YES;
				CLANG_WARN_OBJC_LITERAL_CONVERSION = YES;
				CLANG_WARN_OBJC_ROOT_CLASS = YES_ERROR;
				CLANG_WARN_RANGE_LOOP_ANALYSIS = YES;
				CLANG_WARN_STRICT_PROTOTYPES = YES;
				CLANG_WARN_SUSPICIOUS_MOVE = YES;
				CLANG_WARN_UNGUARDED_AVAILABILITY = YES_AGGRESSIVE;
				CLANG_WARN_UNREACHABLE_CODE = YES;
				CLANG_WARN__DUPLICATE_METHOD_MATCH = YES;
				COPY_PHASE_STRIP = NO;
				DEBUG_INFORMATION_FORMAT = dwarf;
				ENABLE_STRICT_OBJC_MSGSEND = YES;
				ENABLE_TESTABILITY = YES;
				GCC_C_LANGUAGE_STANDARD = gnu11;
				GCC_DYNAMIC_NO_PIC = NO;
				GCC_NO_COMMON_BLOCKS = YES;
				GCC_OPTIMIZATION_LEVEL = 0;
				GCC_PREPROCESSOR_DEFINITIONS = (
					"DEBUG=1",
					"$(inherited)",
				);
				GCC_WARN_64_TO_32_BIT_CONVERSION = YES;
				GCC_WARN_ABOUT_RETURN_TYPE = YES_ERROR;
				GCC_WARN_UNDECLARED_SELECTOR = YES;
				GCC_WARN_UNINITIALIZED_AUTOS = YES_AGGRESSIVE;
				GCC_WARN_UNUSED_FUNCTION = YES;
				GCC_WARN_UNUSED_VARIABLE = YES;
				IPHONEOS_DEPLOYMENT_TARGET = 13.0;
				MTL_ENABLE_DEBUG_INFO = INCLUDE_SOURCE;
				MTL_FAST_MATH = YES;
				ONLY_ACTIVE_ARCH = YES;
				SDKROOT = iphoneos;
				SWIFT_ACTIVE_COMPILATION_CONDITIONS = DEBUG;
				SWIFT_OPTIMIZATION_LEVEL = "-Onone";
			};
			name = Debug;
		};
		2CBEBE2822BFB70200C2B3B7 /* Release */ = {
			isa = XCBuildConfiguration;
			buildSettings = {
				ALWAYS_SEARCH_USER_PATHS = NO;
				CLANG_ANALYZER_NONNULL = YES;
				CLANG_ANALYZER_NUMBER_OBJECT_CONVERSION = YES_AGGRESSIVE;
				CLANG_CXX_LANGUAGE_STANDARD = "gnu++14";
				CLANG_CXX_LIBRARY = "libc++";
				CLANG_ENABLE_MODULES = YES;
				CLANG_ENABLE_OBJC_ARC = YES;
				CLANG_ENABLE_OBJC_WEAK = YES;
				CLANG_WARN_BLOCK_CAPTURE_AUTORELEASING = YES;
				CLANG_WARN_BOOL_CONVERSION = YES;
				CLANG_WARN_COMMA = YES;
				CLANG_WARN_CONSTANT_CONVERSION = YES;
				CLANG_WARN_DEPRECATED_OBJC_IMPLEMENTATIONS = YES;
				CLANG_WARN_DIRECT_OBJC_ISA_USAGE = YES_ERROR;
				CLANG_WARN_DOCUMENTATION_COMMENTS = YES;
				CLANG_WARN_EMPTY_BODY = YES;
				CLANG_WARN_ENUM_CONVERSION = YES;
				CLANG_WARN_INFINITE_RECURSION = YES;
				CLANG_WARN_INT_CONVERSION = YES;
				CLANG_WARN_NON_LITERAL_NULL_CONVERSION = YES;
				CLANG_WARN_OBJC_IMPLICIT_RETAIN_SELF = YES;
				CLANG_WARN_OBJC_LITERAL_CONVERSION = YES;
				CLANG_WARN_OBJC_ROOT_CLASS = YES_ERROR;
				CLANG_WARN_RANGE_LOOP_ANALYSIS = YES;
				CLANG_WARN_STRICT_PROTOTYPES = YES;
				CLANG_WARN_SUSPICIOUS_MOVE = YES;
				CLANG_WARN_UNGUARDED_AVAILABILITY = YES_AGGRESSIVE;
				CLANG_WARN_UNREACHABLE_CODE = YES;
				CLANG_WARN__DUPLICATE_METHOD_MATCH = YES;
				COPY_PHASE_STRIP = NO;
				DEBUG_INFORMATION_FORMAT = "dwarf-with-dsym";
				ENABLE_NS_ASSERTIONS = NO;
				ENABLE_STRICT_OBJC_MSGSEND = YES;
				GCC_C_LANGUAGE_STANDARD = gnu11;
				GCC_NO_COMMON_BLOCKS = YES;
				GCC_WARN_64_TO_32_BIT_CONVERSION = YES;
				GCC_WARN_ABOUT_RETURN_TYPE = YES_ERROR;
				GCC_WARN_UNDECLARED_SELECTOR = YES;
				GCC_WARN_UNINITIALIZED_AUTOS = YES_AGGRESSIVE;
				GCC_WARN_UNUSED_FUNCTION = YES;
				GCC_WARN_UNUSED_VARIABLE = YES;
				IPHONEOS_DEPLOYMENT_TARGET = 13.0;
				MTL_ENABLE_DEBUG_INFO = NO;
				MTL_FAST_MATH = YES;
				SDKROOT = iphoneos;
				SWIFT_COMPILATION_MODE = wholemodule;
				SWIFT_OPTIMIZATION_LEVEL = "-O";
				VALIDATE_PRODUCT = YES;
			};
			name = Release;
		};
		2CBEBE2A22BFB70200C2B3B7 /* Debug */ = {
			isa = XCBuildConfiguration;
			buildSettings = {
				ASSETCATALOG_COMPILER_APPICON_NAME = AppIcon;
				CODE_SIGN_STYLE = Automatic;
				DEVELOPMENT_ASSET_PATHS = "Primitives/Preview\\ Content";
				ENABLE_PREVIEWS = YES;
				INFOPLIST_FILE = Primitives/App/Info.plist;
				LD_RUNPATH_SEARCH_PATHS = (
					"$(inherited)",
					"@executable_path/Frameworks",
				);
				PRODUCT_BUNDLE_IDENTIFIER = com.kevinconner.Primitives;
				PRODUCT_NAME = "$(TARGET_NAME)";
				SWIFT_VERSION = 5.0;
				TARGETED_DEVICE_FAMILY = "1,2";
			};
			name = Debug;
		};
		2CBEBE2B22BFB70200C2B3B7 /* Release */ = {
			isa = XCBuildConfiguration;
			buildSettings = {
				ASSETCATALOG_COMPILER_APPICON_NAME = AppIcon;
				CODE_SIGN_STYLE = Automatic;
				DEVELOPMENT_ASSET_PATHS = "Primitives/Preview\\ Content";
				ENABLE_PREVIEWS = YES;
				INFOPLIST_FILE = Primitives/App/Info.plist;
				LD_RUNPATH_SEARCH_PATHS = (
					"$(inherited)",
					"@executable_path/Frameworks",
				);
				PRODUCT_BUNDLE_IDENTIFIER = com.kevinconner.Primitives;
				PRODUCT_NAME = "$(TARGET_NAME)";
				SWIFT_VERSION = 5.0;
				TARGETED_DEVICE_FAMILY = "1,2";
			};
			name = Release;
		};
		2CBEBE2D22BFB70200C2B3B7 /* Debug */ = {
			isa = XCBuildConfiguration;
			buildSettings = {
				ALWAYS_EMBED_SWIFT_STANDARD_LIBRARIES = YES;
				BUNDLE_LOADER = "$(TEST_HOST)";
				CODE_SIGN_STYLE = Automatic;
				INFOPLIST_FILE = PrimitivesTests/Info.plist;
				LD_RUNPATH_SEARCH_PATHS = (
					"$(inherited)",
					"@executable_path/Frameworks",
					"@loader_path/Frameworks",
				);
				PRODUCT_BUNDLE_IDENTIFIER = com.kevinconner.PrimitivesTests;
				PRODUCT_NAME = "$(TARGET_NAME)";
				SWIFT_VERSION = 5.0;
				TARGETED_DEVICE_FAMILY = "1,2";
				TEST_HOST = "$(BUILT_PRODUCTS_DIR)/Primitives.app/Primitives";
			};
			name = Debug;
		};
		2CBEBE2E22BFB70200C2B3B7 /* Release */ = {
			isa = XCBuildConfiguration;
			buildSettings = {
				ALWAYS_EMBED_SWIFT_STANDARD_LIBRARIES = YES;
				BUNDLE_LOADER = "$(TEST_HOST)";
				CODE_SIGN_STYLE = Automatic;
				INFOPLIST_FILE = PrimitivesTests/Info.plist;
				LD_RUNPATH_SEARCH_PATHS = (
					"$(inherited)",
					"@executable_path/Frameworks",
					"@loader_path/Frameworks",
				);
				PRODUCT_BUNDLE_IDENTIFIER = com.kevinconner.PrimitivesTests;
				PRODUCT_NAME = "$(TARGET_NAME)";
				SWIFT_VERSION = 5.0;
				TARGETED_DEVICE_FAMILY = "1,2";
				TEST_HOST = "$(BUILT_PRODUCTS_DIR)/Primitives.app/Primitives";
			};
			name = Release;
		};
		2CBEBE3022BFB70200C2B3B7 /* Debug */ = {
			isa = XCBuildConfiguration;
			buildSettings = {
				ALWAYS_EMBED_SWIFT_STANDARD_LIBRARIES = YES;
				CODE_SIGN_STYLE = Automatic;
				INFOPLIST_FILE = PrimitivesUITests/Info.plist;
				LD_RUNPATH_SEARCH_PATHS = (
					"$(inherited)",
					"@executable_path/Frameworks",
					"@loader_path/Frameworks",
				);
				PRODUCT_BUNDLE_IDENTIFIER = com.kevinconner.PrimitivesUITests;
				PRODUCT_NAME = "$(TARGET_NAME)";
				SWIFT_VERSION = 5.0;
				TARGETED_DEVICE_FAMILY = "1,2";
				TEST_TARGET_NAME = Primitives;
			};
			name = Debug;
		};
		2CBEBE3122BFB70200C2B3B7 /* Release */ = {
			isa = XCBuildConfiguration;
			buildSettings = {
				ALWAYS_EMBED_SWIFT_STANDARD_LIBRARIES = YES;
				CODE_SIGN_STYLE = Automatic;
				INFOPLIST_FILE = PrimitivesUITests/Info.plist;
				LD_RUNPATH_SEARCH_PATHS = (
					"$(inherited)",
					"@executable_path/Frameworks",
					"@loader_path/Frameworks",
				);
				PRODUCT_BUNDLE_IDENTIFIER = com.kevinconner.PrimitivesUITests;
				PRODUCT_NAME = "$(TARGET_NAME)";
				SWIFT_VERSION = 5.0;
				TARGETED_DEVICE_FAMILY = "1,2";
				TEST_TARGET_NAME = Primitives;
			};
			name = Release;
		};
/* End XCBuildConfiguration section */

/* Begin XCConfigurationList section */
		2CBEBDFA22BFB70000C2B3B7 /* Build configuration list for PBXProject "Primitives" */ = {
			isa = XCConfigurationList;
			buildConfigurations = (
				2CBEBE2722BFB70200C2B3B7 /* Debug */,
				2CBEBE2822BFB70200C2B3B7 /* Release */,
			);
			defaultConfigurationIsVisible = 0;
			defaultConfigurationName = Release;
		};
		2CBEBE2922BFB70200C2B3B7 /* Build configuration list for PBXNativeTarget "Primitives" */ = {
			isa = XCConfigurationList;
			buildConfigurations = (
				2CBEBE2A22BFB70200C2B3B7 /* Debug */,
				2CBEBE2B22BFB70200C2B3B7 /* Release */,
			);
			defaultConfigurationIsVisible = 0;
			defaultConfigurationName = Release;
		};
		2CBEBE2C22BFB70200C2B3B7 /* Build configuration list for PBXNativeTarget "PrimitivesTests" */ = {
			isa = XCConfigurationList;
			buildConfigurations = (
				2CBEBE2D22BFB70200C2B3B7 /* Debug */,
				2CBEBE2E22BFB70200C2B3B7 /* Release */,
			);
			defaultConfigurationIsVisible = 0;
			defaultConfigurationName = Release;
		};
		2CBEBE2F22BFB70200C2B3B7 /* Build configuration list for PBXNativeTarget "PrimitivesUITests" */ = {
			isa = XCConfigurationList;
			buildConfigurations = (
				2CBEBE3022BFB70200C2B3B7 /* Debug */,
				2CBEBE3122BFB70200C2B3B7 /* Release */,
			);
			defaultConfigurationIsVisible = 0;
			defaultConfigurationName = Release;
		};
/* End XCConfigurationList section */
	};
	rootObject = 2CBEBDF722BFB70000C2B3B7 /* Project object */;
}
